
Microsoft Visual Studio Solution File, Format Version 12.00
# Visual Studio 15
VisualStudioVersion = 15.0.27703.2026
MinimumVisualStudioVersion = 10.0.40219.1
Project("{9A19103F-16F7-4668-BE54-9A1E7A4F7556}") = "NetCoreApiWithEFCore", "NetCoreApiWithEFCore\NetCoreApiWithEFCore.csproj", "{F0CC7BB3-5805-4727-8C0E-199579F9CD41}"
EndProject
Global
	GlobalSection(SolutionConfigurationPlatforms) = preSolution
		Debug|Any CPU = Debug|Any CPU
		Release|Any CPU = Release|Any CPU
	EndGlobalSection
	GlobalSection(ProjectConfigurationPlatforms) = postSolution
		{F0CC7BB3-5805-4727-8C0E-199579F9CD41}.Debug|Any CPU.ActiveCfg = Debug|Any CPU
		{F0CC7BB3-5805-4727-8C0E-199579F9CD41}.Debug|Any CPU.Build.0 = Debug|Any CPU
		{F0CC7BB3-5805-4727-8C0E-199579F9CD41}.Release|Any CPU.ActiveCfg = Release|Any CPU
		{F0CC7BB3-5805-4727-8C0E-199579F9CD41}.Release|Any CPU.Build.0 = Release|Any CPU
	EndGlobalSection
	GlobalSection(SolutionProperties) = preSolution
		HideSolutionNode = FALSE
	EndGlobalSection
	GlobalSection(ExtensibilityGlobals) = postSolution
		SolutionGuid = {E4A42B4E-0516-47A9-A0EA-BB9FEBF20A9A}
	EndGlobalSection
EndGlobal
